// !$*UTF8*$!
{
	archiveVersion = 1;
	classes = {
	};
	objectVersion = 46;
	objects = {

/* Begin PBXBuildFile section */
		23B39B8818DD6A330098F06A /* AudioToolbox.framework in Frameworks */ = {isa = PBXBuildFile; fileRef = 23B39B8718DD6A330098F06A /* AudioToolbox.framework */; };
		23B39B8A18DD6A450098F06A /* AVFoundation.framework in Frameworks */ = {isa = PBXBuildFile; fileRef = 23B39B8918DD6A450098F06A /* AVFoundation.framework */; };
		23B39B8C18DD6A4C0098F06A /* CFNetwork.framework in Frameworks */ = {isa = PBXBuildFile; fileRef = 23B39B8B18DD6A4C0098F06A /* CFNetwork.framework */; };
		23B39B8E18DD6A610098F06A /* SystemConfiguration.framework in Frameworks */ = {isa = PBXBuildFile; fileRef = 23B39B8D18DD6A610098F06A /* SystemConfiguration.framework */; };
		23BB25DC18D80B4100ED81E8 /* newUser.m in Sources */ = {isa = PBXBuildFile; fileRef = 23BB25DB18D80B4100ED81E8 /* newUser.m */; };
		23BB25E518D823A000ED81E8 /* confirmPage.m in Sources */ = {isa = PBXBuildFile; fileRef = 23BB25E418D823A000ED81E8 /* confirmPage.m */; };
		23C645AC18E205CE0097D968 /* AmazonClientManager.m in Sources */ = {isa = PBXBuildFile; fileRef = 23C645AB18E205CE0097D968 /* AmazonClientManager.m */; };
		23C645B018E206B00097D968 /* Constants.m in Sources */ = {isa = PBXBuildFile; fileRef = 23C645AF18E206B00097D968 /* Constants.m */; };
		23C645B618E207C60097D968 /* AWSRuntime.framework in Frameworks */ = {isa = PBXBuildFile; fileRef = 23C645B118E207C60097D968 /* AWSRuntime.framework */; };
		23C645B718E207C60097D968 /* AWSSNS.framework in Frameworks */ = {isa = PBXBuildFile; fileRef = 23C645B218E207C60097D968 /* AWSSNS.framework */; };
		23C645B818E207C60097D968 /* AWSSQS.framework in Frameworks */ = {isa = PBXBuildFile; fileRef = 23C645B318E207C60097D968 /* AWSSQS.framework */; };
		23C645B918E207C60097D968 /* AWSSimpleDB.framework in Frameworks */ = {isa = PBXBuildFile; fileRef = 23C645B418E207C60097D968 /* AWSSimpleDB.framework */; };
		23C645BA18E207C60097D968 /* AWSS3.framework in Frameworks */ = {isa = PBXBuildFile; fileRef = 23C645B518E207C60097D968 /* AWSS3.framework */; };
		23F029DB18E0E391000F2BD6 /* mainPage.m in Sources */ = {isa = PBXBuildFile; fileRef = 23F029DA18E0E391000F2BD6 /* mainPage.m */; };
		23F3EB6018D6C7460075819D /* Foundation.framework in Frameworks */ = {isa = PBXBuildFile; fileRef = 23F3EB5F18D6C7460075819D /* Foundation.framework */; };
		23F3EB6218D6C7460075819D /* CoreGraphics.framework in Frameworks */ = {isa = PBXBuildFile; fileRef = 23F3EB6118D6C7460075819D /* CoreGraphics.framework */; };
		23F3EB6418D6C7460075819D /* UIKit.framework in Frameworks */ = {isa = PBXBuildFile; fileRef = 23F3EB6318D6C7460075819D /* UIKit.framework */; };
		23F3EB6A18D6C7460075819D /* InfoPlist.strings in Resources */ = {isa = PBXBuildFile; fileRef = 23F3EB6818D6C7460075819D /* InfoPlist.strings */; };
		23F3EB6C18D6C7460075819D /* main.m in Sources */ = {isa = PBXBuildFile; fileRef = 23F3EB6B18D6C7460075819D /* main.m */; };
		23F3EB7018D6C7460075819D /* AppDelegate.m in Sources */ = {isa = PBXBuildFile; fileRef = 23F3EB6F18D6C7460075819D /* AppDelegate.m */; };
		23F3EB7218D6C7460075819D /* Images.xcassets in Resources */ = {isa = PBXBuildFile; fileRef = 23F3EB7118D6C7460075819D /* Images.xcassets */; };
		23F3EB7918D6C7460075819D /* XCTest.framework in Frameworks */ = {isa = PBXBuildFile; fileRef = 23F3EB7818D6C7460075819D /* XCTest.framework */; };
		23F3EB7A18D6C7460075819D /* Foundation.framework in Frameworks */ = {isa = PBXBuildFile; fileRef = 23F3EB5F18D6C7460075819D /* Foundation.framework */; };
		23F3EB7B18D6C7460075819D /* UIKit.framework in Frameworks */ = {isa = PBXBuildFile; fileRef = 23F3EB6318D6C7460075819D /* UIKit.framework */; };
		23F3EB8318D6C7460075819D /* InfoPlist.strings in Resources */ = {isa = PBXBuildFile; fileRef = 23F3EB8118D6C7460075819D /* InfoPlist.strings */; };
		23F3EB8518D6C7460075819D /* sandboxTests.m in Sources */ = {isa = PBXBuildFile; fileRef = 23F3EB8418D6C7460075819D /* sandboxTests.m */; };
		23F3EB8F18D6C7680075819D /* Storyboard.storyboard in Resources */ = {isa = PBXBuildFile; fileRef = 23F3EB8E18D6C7680075819D /* Storyboard.storyboard */; };
		23F3EB9218D6C7B50075819D /* logInPage.m in Sources */ = {isa = PBXBuildFile; fileRef = 23F3EB9118D6C7B50075819D /* logInPage.m */; };
/* End PBXBuildFile section */

/* Begin PBXContainerItemProxy section */
		23F3EB7C18D6C7460075819D /* PBXContainerItemProxy */ = {
			isa = PBXContainerItemProxy;
			containerPortal = 23F3EB5418D6C7460075819D /* Project object */;
			proxyType = 1;
			remoteGlobalIDString = 23F3EB5B18D6C7460075819D;
			remoteInfo = sandbox;
		};
/* End PBXContainerItemProxy section */

/* Begin PBXFileReference section */
		23B39B8118DD650A0098F06A /* libcrypto.a */ = {isa = PBXFileReference; lastKnownFileType = archive.ar; name = libcrypto.a; path = "../TwilioClient-1.1.3-4598544/Libraries/libcrypto.a"; sourceTree = "<group>"; };
		23B39B8218DD650A0098F06A /* libTwilioClient.a */ = {isa = PBXFileReference; lastKnownFileType = archive.ar; name = libTwilioClient.a; path = "../TwilioClient-1.1.3-4598544/Libraries/libTwilioClient.a"; sourceTree = "<group>"; };
		23B39B8318DD650A0098F06A /* libssl.a */ = {isa = PBXFileReference; lastKnownFileType = archive.ar; name = libssl.a; path = "../TwilioClient-1.1.3-4598544/Libraries/libssl.a"; sourceTree = "<group>"; };
		23B39B8718DD6A330098F06A /* AudioToolbox.framework */ = {isa = PBXFileReference; lastKnownFileType = wrapper.framework; name = AudioToolbox.framework; path = System/Library/Frameworks/AudioToolbox.framework; sourceTree = SDKROOT; };
		23B39B8918DD6A450098F06A /* AVFoundation.framework */ = {isa = PBXFileReference; lastKnownFileType = wrapper.framework; name = AVFoundation.framework; path = System/Library/Frameworks/AVFoundation.framework; sourceTree = SDKROOT; };
		23B39B8B18DD6A4C0098F06A /* CFNetwork.framework */ = {isa = PBXFileReference; lastKnownFileType = wrapper.framework; name = CFNetwork.framework; path = System/Library/Frameworks/CFNetwork.framework; sourceTree = SDKROOT; };
		23B39B8D18DD6A610098F06A /* SystemConfiguration.framework */ = {isa = PBXFileReference; lastKnownFileType = wrapper.framework; name = SystemConfiguration.framework; path = System/Library/Frameworks/SystemConfiguration.framework; sourceTree = SDKROOT; };
		23BB25DA18D80B4100ED81E8 /* newUser.h */ = {isa = PBXFileReference; fileEncoding = 4; lastKnownFileType = sourcecode.c.h; path = newUser.h; sourceTree = "<group>"; };
		23BB25DB18D80B4100ED81E8 /* newUser.m */ = {isa = PBXFileReference; fileEncoding = 4; lastKnownFileType = sourcecode.c.objc; path = newUser.m; sourceTree = "<group>"; };
		23BB25E318D823A000ED81E8 /* confirmPage.h */ = {isa = PBXFileReference; fileEncoding = 4; lastKnownFileType = sourcecode.c.h; path = confirmPage.h; sourceTree = "<group>"; };
		23BB25E418D823A000ED81E8 /* confirmPage.m */ = {isa = PBXFileReference; fileEncoding = 4; lastKnownFileType = sourcecode.c.objc; path = confirmPage.m; sourceTree = "<group>"; };
		23C645A918E205CE0097D968 /* Constants.h */ = {isa = PBXFileReference; fileEncoding = 4; lastKnownFileType = sourcecode.c.h; path = Constants.h; sourceTree = "<group>"; };
		23C645AA18E205CE0097D968 /* AmazonClientManager.h */ = {isa = PBXFileReference; fileEncoding = 4; lastKnownFileType = sourcecode.c.h; path = AmazonClientManager.h; sourceTree = "<group>"; };
		23C645AB18E205CE0097D968 /* AmazonClientManager.m */ = {isa = PBXFileReference; fileEncoding = 4; lastKnownFileType = sourcecode.c.objc; path = AmazonClientManager.m; sourceTree = "<group>"; };
		23C645AF18E206B00097D968 /* Constants.m */ = {isa = PBXFileReference; fileEncoding = 4; lastKnownFileType = sourcecode.c.objc; path = Constants.m; sourceTree = "<group>"; };
		23C645B118E207C60097D968 /* AWSRuntime.framework */ = {isa = PBXFileReference; lastKnownFileType = wrapper.framework; path = AWSRuntime.framework; sourceTree = "<group>"; };
		23C645B218E207C60097D968 /* AWSSNS.framework */ = {isa = PBXFileReference; lastKnownFileType = wrapper.framework; path = AWSSNS.framework; sourceTree = "<group>"; };
		23C645B318E207C60097D968 /* AWSSQS.framework */ = {isa = PBXFileReference; lastKnownFileType = wrapper.framework; path = AWSSQS.framework; sourceTree = "<group>"; };
		23C645B418E207C60097D968 /* AWSSimpleDB.framework */ = {isa = PBXFileReference; lastKnownFileType = wrapper.framework; path = AWSSimpleDB.framework; sourceTree = "<group>"; };
		23C645B518E207C60097D968 /* AWSS3.framework */ = {isa = PBXFileReference; lastKnownFileType = wrapper.framework; path = AWSS3.framework; sourceTree = "<group>"; };
		23F029D918E0E391000F2BD6 /* mainPage.h */ = {isa = PBXFileReference; fileEncoding = 4; lastKnownFileType = sourcecode.c.h; name = mainPage.h; path = ../mainPage.h; sourceTree = "<group>"; };
		23F029DA18E0E391000F2BD6 /* mainPage.m */ = {isa = PBXFileReference; fileEncoding = 4; lastKnownFileType = sourcecode.c.objc; name = mainPage.m; path = ../mainPage.m; sourceTree = "<group>"; };
		23F3EB5C18D6C7460075819D /* sandbox.app */ = {isa = PBXFileReference; explicitFileType = wrapper.application; includeInIndex = 0; path = sandbox.app; sourceTree = BUILT_PRODUCTS_DIR; };
		23F3EB5F18D6C7460075819D /* Foundation.framework */ = {isa = PBXFileReference; lastKnownFileType = wrapper.framework; name = Foundation.framework; path = System/Library/Frameworks/Foundation.framework; sourceTree = SDKROOT; };
		23F3EB6118D6C7460075819D /* CoreGraphics.framework */ = {isa = PBXFileReference; lastKnownFileType = wrapper.framework; name = CoreGraphics.framework; path = System/Library/Frameworks/CoreGraphics.framework; sourceTree = SDKROOT; };
		23F3EB6318D6C7460075819D /* UIKit.framework */ = {isa = PBXFileReference; lastKnownFileType = wrapper.framework; name = UIKit.framework; path = System/Library/Frameworks/UIKit.framework; sourceTree = SDKROOT; };
		23F3EB6718D6C7460075819D /* sandbox-Info.plist */ = {isa = PBXFileReference; lastKnownFileType = text.plist.xml; path = "sandbox-Info.plist"; sourceTree = "<group>"; };
		23F3EB6918D6C7460075819D /* en */ = {isa = PBXFileReference; lastKnownFileType = text.plist.strings; name = en; path = en.lproj/InfoPlist.strings; sourceTree = "<group>"; };
		23F3EB6B18D6C7460075819D /* main.m */ = {isa = PBXFileReference; lastKnownFileType = sourcecode.c.objc; path = main.m; sourceTree = "<group>"; };
		23F3EB6D18D6C7460075819D /* sandbox-Prefix.pch */ = {isa = PBXFileReference; lastKnownFileType = sourcecode.c.h; path = "sandbox-Prefix.pch"; sourceTree = "<group>"; };
		23F3EB6E18D6C7460075819D /* AppDelegate.h */ = {isa = PBXFileReference; lastKnownFileType = sourcecode.c.h; path = AppDelegate.h; sourceTree = "<group>"; };
		23F3EB6F18D6C7460075819D /* AppDelegate.m */ = {isa = PBXFileReference; lastKnownFileType = sourcecode.c.objc; path = AppDelegate.m; sourceTree = "<group>"; };
		23F3EB7118D6C7460075819D /* Images.xcassets */ = {isa = PBXFileReference; lastKnownFileType = folder.assetcatalog; path = Images.xcassets; sourceTree = "<group>"; };
		23F3EB7718D6C7460075819D /* sandboxTests.xctest */ = {isa = PBXFileReference; explicitFileType = wrapper.cfbundle; includeInIndex = 0; path = sandboxTests.xctest; sourceTree = BUILT_PRODUCTS_DIR; };
		23F3EB7818D6C7460075819D /* XCTest.framework */ = {isa = PBXFileReference; lastKnownFileType = wrapper.framework; name = XCTest.framework; path = Library/Frameworks/XCTest.framework; sourceTree = DEVELOPER_DIR; };
		23F3EB8018D6C7460075819D /* sandboxTests-Info.plist */ = {isa = PBXFileReference; lastKnownFileType = text.plist.xml; path = "sandboxTests-Info.plist"; sourceTree = "<group>"; };
		23F3EB8218D6C7460075819D /* en */ = {isa = PBXFileReference; lastKnownFileType = text.plist.strings; name = en; path = en.lproj/InfoPlist.strings; sourceTree = "<group>"; };
		23F3EB8418D6C7460075819D /* sandboxTests.m */ = {isa = PBXFileReference; lastKnownFileType = sourcecode.c.objc; path = sandboxTests.m; sourceTree = "<group>"; };
		23F3EB8E18D6C7680075819D /* Storyboard.storyboard */ = {isa = PBXFileReference; fileEncoding = 4; lastKnownFileType = file.storyboard; name = Storyboard.storyboard; path = ../Storyboard.storyboard; sourceTree = "<group>"; };
		23F3EB9018D6C7B50075819D /* logInPage.h */ = {isa = PBXFileReference; fileEncoding = 4; lastKnownFileType = sourcecode.c.h; path = logInPage.h; sourceTree = "<group>"; };
		23F3EB9118D6C7B50075819D /* logInPage.m */ = {isa = PBXFileReference; fileEncoding = 4; lastKnownFileType = sourcecode.c.objc; path = logInPage.m; sourceTree = "<group>"; };
/* End PBXFileReference section */

/* Begin PBXFrameworksBuildPhase section */
		23F3EB5918D6C7460075819D /* Frameworks */ = {
			isa = PBXFrameworksBuildPhase;
			buildActionMask = 2147483647;
			files = (
				23C645B818E207C60097D968 /* AWSSQS.framework in Frameworks */,
				23B39B8E18DD6A610098F06A /* SystemConfiguration.framework in Frameworks */,
				23C645B718E207C60097D968 /* AWSSNS.framework in Frameworks */,
				23B39B8C18DD6A4C0098F06A /* CFNetwork.framework in Frameworks */,
				23C645B918E207C60097D968 /* AWSSimpleDB.framework in Frameworks */,
				23B39B8A18DD6A450098F06A /* AVFoundation.framework in Frameworks */,
				23B39B8818DD6A330098F06A /* AudioToolbox.framework in Frameworks */,
				23F3EB6218D6C7460075819D /* CoreGraphics.framework in Frameworks */,
				23C645BA18E207C60097D968 /* AWSS3.framework in Frameworks */,
				23F3EB6418D6C7460075819D /* UIKit.framework in Frameworks */,
				23F3EB6018D6C7460075819D /* Foundation.framework in Frameworks */,
				23C645B618E207C60097D968 /* AWSRuntime.framework in Frameworks */,
			);
			runOnlyForDeploymentPostprocessing = 0;
		};
		23F3EB7418D6C7460075819D /* Frameworks */ = {
			isa = PBXFrameworksBuildPhase;
			buildActionMask = 2147483647;
			files = (
				23F3EB7918D6C7460075819D /* XCTest.framework in Frameworks */,
				23F3EB7B18D6C7460075819D /* UIKit.framework in Frameworks */,
				23F3EB7A18D6C7460075819D /* Foundation.framework in Frameworks */,
			);
			runOnlyForDeploymentPostprocessing = 0;
		};
/* End PBXFrameworksBuildPhase section */

/* Begin PBXGroup section */
		23F3EB5318D6C7460075819D = {
			isa = PBXGroup;
			children = (
				23F3EB6518D6C7460075819D /* sandbox */,
				23F3EB7E18D6C7460075819D /* sandboxTests */,
				23F3EB5E18D6C7460075819D /* Frameworks */,
				23F3EB5D18D6C7460075819D /* Products */,
			);
			sourceTree = "<group>";
		};
		23F3EB5D18D6C7460075819D /* Products */ = {
			isa = PBXGroup;
			children = (
				23F3EB5C18D6C7460075819D /* sandbox.app */,
				23F3EB7718D6C7460075819D /* sandboxTests.xctest */,
			);
			name = Products;
			sourceTree = "<group>";
		};
		23F3EB5E18D6C7460075819D /* Frameworks */ = {
			isa = PBXGroup;
			children = (
				23C645B118E207C60097D968 /* AWSRuntime.framework */,
				23C645B218E207C60097D968 /* AWSSNS.framework */,
				23C645B318E207C60097D968 /* AWSSQS.framework */,
				23C645B418E207C60097D968 /* AWSSimpleDB.framework */,
				23C645B518E207C60097D968 /* AWSS3.framework */,
				23B39B8D18DD6A610098F06A /* SystemConfiguration.framework */,
				23B39B8B18DD6A4C0098F06A /* CFNetwork.framework */,
				23B39B8918DD6A450098F06A /* AVFoundation.framework */,
				23B39B8718DD6A330098F06A /* AudioToolbox.framework */,
				23B39B8118DD650A0098F06A /* libcrypto.a */,
				23B39B8218DD650A0098F06A /* libTwilioClient.a */,
				23B39B8318DD650A0098F06A /* libssl.a */,
				23F3EB5F18D6C7460075819D /* Foundation.framework */,
				23F3EB6118D6C7460075819D /* CoreGraphics.framework */,
				23F3EB6318D6C7460075819D /* UIKit.framework */,
				23F3EB7818D6C7460075819D /* XCTest.framework */,
			);
			name = Frameworks;
			sourceTree = "<group>";
		};
		23F3EB6518D6C7460075819D /* sandbox */ = {
			isa = PBXGroup;
			children = (
				23F029D918E0E391000F2BD6 /* mainPage.h */,
				23F029DA18E0E391000F2BD6 /* mainPage.m */,
				23BB25E318D823A000ED81E8 /* confirmPage.h */,
				23BB25E418D823A000ED81E8 /* confirmPage.m */,
				23BB25DA18D80B4100ED81E8 /* newUser.h */,
				23BB25DB18D80B4100ED81E8 /* newUser.m */,
				23F3EB9018D6C7B50075819D /* logInPage.h */,
				23F3EB9118D6C7B50075819D /* logInPage.m */,
				23F3EB8E18D6C7680075819D /* Storyboard.storyboard */,
				23F3EB6E18D6C7460075819D /* AppDelegate.h */,
				23F3EB6F18D6C7460075819D /* AppDelegate.m */,
				23F3EB7118D6C7460075819D /* Images.xcassets */,
				23F3EB6618D6C7460075819D /* Supporting Files */,
			);
			path = sandbox;
			sourceTree = "<group>";
		};
		23F3EB6618D6C7460075819D /* Supporting Files */ = {
			isa = PBXGroup;
			children = (
				23C645AF18E206B00097D968 /* Constants.m */,
				23C645A918E205CE0097D968 /* Constants.h */,
				23C645AA18E205CE0097D968 /* AmazonClientManager.h */,
				23C645AB18E205CE0097D968 /* AmazonClientManager.m */,
				23F3EB6718D6C7460075819D /* sandbox-Info.plist */,
				23F3EB6818D6C7460075819D /* InfoPlist.strings */,
				23F3EB6B18D6C7460075819D /* main.m */,
				23F3EB6D18D6C7460075819D /* sandbox-Prefix.pch */,
			);
			name = "Supporting Files";
			sourceTree = "<group>";
		};
		23F3EB7E18D6C7460075819D /* sandboxTests */ = {
			isa = PBXGroup;
			children = (
				23F3EB8418D6C7460075819D /* sandboxTests.m */,
				23F3EB7F18D6C7460075819D /* Supporting Files */,
			);
			path = sandboxTests;
			sourceTree = "<group>";
		};
		23F3EB7F18D6C7460075819D /* Supporting Files */ = {
			isa = PBXGroup;
			children = (
				23F3EB8018D6C7460075819D /* sandboxTests-Info.plist */,
				23F3EB8118D6C7460075819D /* InfoPlist.strings */,
			);
			name = "Supporting Files";
			sourceTree = "<group>";
		};
/* End PBXGroup section */

/* Begin PBXNativeTarget section */
		23F3EB5B18D6C7460075819D /* sandbox */ = {
			isa = PBXNativeTarget;
			buildConfigurationList = 23F3EB8818D6C7460075819D /* Build configuration list for PBXNativeTarget "sandbox" */;
			buildPhases = (
				23F3EB5818D6C7460075819D /* Sources */,
				23F3EB5918D6C7460075819D /* Frameworks */,
				23F3EB5A18D6C7460075819D /* Resources */,
			);
			buildRules = (
			);
			dependencies = (
			);
			name = sandbox;
			productName = sandbox;
			productReference = 23F3EB5C18D6C7460075819D /* sandbox.app */;
			productType = "com.apple.product-type.application";
		};
		23F3EB7618D6C7460075819D /* sandboxTests */ = {
			isa = PBXNativeTarget;
			buildConfigurationList = 23F3EB8B18D6C7460075819D /* Build configuration list for PBXNativeTarget "sandboxTests" */;
			buildPhases = (
				23F3EB7318D6C7460075819D /* Sources */,
				23F3EB7418D6C7460075819D /* Frameworks */,
				23F3EB7518D6C7460075819D /* Resources */,
			);
			buildRules = (
			);
			dependencies = (
				23F3EB7D18D6C7460075819D /* PBXTargetDependency */,
			);
			name = sandboxTests;
			productName = sandboxTests;
			productReference = 23F3EB7718D6C7460075819D /* sandboxTests.xctest */;
			productType = "com.apple.product-type.bundle.unit-test";
		};
/* End PBXNativeTarget section */

/* Begin PBXProject section */
		23F3EB5418D6C7460075819D /* Project object */ = {
			isa = PBXProject;
			attributes = {
				LastUpgradeCheck = 0510;
				ORGANIZATIONNAME = jake;
				TargetAttributes = {
					23F3EB7618D6C7460075819D = {
						TestTargetID = 23F3EB5B18D6C7460075819D;
					};
				};
			};
			buildConfigurationList = 23F3EB5718D6C7460075819D /* Build configuration list for PBXProject "sandbox" */;
			compatibilityVersion = "Xcode 3.2";
			developmentRegion = English;
			hasScannedForEncodings = 0;
			knownRegions = (
				en,
			);
			mainGroup = 23F3EB5318D6C7460075819D;
			productRefGroup = 23F3EB5D18D6C7460075819D /* Products */;
			projectDirPath = "";
			projectRoot = "";
			targets = (
				23F3EB5B18D6C7460075819D /* sandbox */,
				23F3EB7618D6C7460075819D /* sandboxTests */,
			);
		};
/* End PBXProject section */

/* Begin PBXResourcesBuildPhase section */
		23F3EB5A18D6C7460075819D /* Resources */ = {
			isa = PBXResourcesBuildPhase;
			buildActionMask = 2147483647;
			files = (
				23F3EB6A18D6C7460075819D /* InfoPlist.strings in Resources */,
				23F3EB7218D6C7460075819D /* Images.xcassets in Resources */,
				23F3EB8F18D6C7680075819D /* Storyboard.storyboard in Resources */,
			);
			runOnlyForDeploymentPostprocessing = 0;
		};
		23F3EB7518D6C7460075819D /* Resources */ = {
			isa = PBXResourcesBuildPhase;
			buildActionMask = 2147483647;
			files = (
				23F3EB8318D6C7460075819D /* InfoPlist.strings in Resources */,
			);
			runOnlyForDeploymentPostprocessing = 0;
		};
/* End PBXResourcesBuildPhase section */

/* Begin PBXSourcesBuildPhase section */
		23F3EB5818D6C7460075819D /* Sources */ = {
			isa = PBXSourcesBuildPhase;
			buildActionMask = 2147483647;
			files = (
				23C645AC18E205CE0097D968 /* AmazonClientManager.m in Sources */,
				23F3EB7018D6C7460075819D /* AppDelegate.m in Sources */,
				23BB25DC18D80B4100ED81E8 /* newUser.m in Sources */,
				23C645B018E206B00097D968 /* Constants.m in Sources */,
				23F3EB6C18D6C7460075819D /* main.m in Sources */,
				23BB25E518D823A000ED81E8 /* confirmPage.m in Sources */,
				23F3EB9218D6C7B50075819D /* logInPage.m in Sources */,
				23F029DB18E0E391000F2BD6 /* mainPage.m in Sources */,
			);
			runOnlyForDeploymentPostprocessing = 0;
		};
		23F3EB7318D6C7460075819D /* Sources */ = {
			isa = PBXSourcesBuildPhase;
			buildActionMask = 2147483647;
			files = (
				23F3EB8518D6C7460075819D /* sandboxTests.m in Sources */,
			);
			runOnlyForDeploymentPostprocessing = 0;
		};
/* End PBXSourcesBuildPhase section */

/* Begin PBXTargetDependency section */
		23F3EB7D18D6C7460075819D /* PBXTargetDependency */ = {
			isa = PBXTargetDependency;
			target = 23F3EB5B18D6C7460075819D /* sandbox */;
			targetProxy = 23F3EB7C18D6C7460075819D /* PBXContainerItemProxy */;
		};
/* End PBXTargetDependency section */

/* Begin PBXVariantGroup section */
		23F3EB6818D6C7460075819D /* InfoPlist.strings */ = {
			isa = PBXVariantGroup;
			children = (
				23F3EB6918D6C7460075819D /* en */,
			);
			name = InfoPlist.strings;
			sourceTree = "<group>";
		};
		23F3EB8118D6C7460075819D /* InfoPlist.strings */ = {
			isa = PBXVariantGroup;
			children = (
				23F3EB8218D6C7460075819D /* en */,
			);
			name = InfoPlist.strings;
			sourceTree = "<group>";
		};
/* End PBXVariantGroup section */

/* Begin XCBuildConfiguration section */
		23F3EB8618D6C7460075819D /* Debug */ = {
			isa = XCBuildConfiguration;
			buildSettings = {
				ALWAYS_SEARCH_USER_PATHS = NO;
				CLANG_CXX_LANGUAGE_STANDARD = "gnu++0x";
				CLANG_CXX_LIBRARY = "libc++";
				CLANG_ENABLE_MODULES = YES;
				CLANG_ENABLE_OBJC_ARC = YES;
				CLANG_WARN_BOOL_CONVERSION = YES;
				CLANG_WARN_CONSTANT_CONVERSION = YES;
				CLANG_WARN_DIRECT_OBJC_ISA_USAGE = YES_ERROR;
				CLANG_WARN_EMPTY_BODY = YES;
				CLANG_WARN_ENUM_CONVERSION = YES;
				CLANG_WARN_INT_CONVERSION = YES;
				CLANG_WARN_OBJC_ROOT_CLASS = YES_ERROR;
				CLANG_WARN__DUPLICATE_METHOD_MATCH = YES;
				"CODE_SIGN_IDENTITY[sdk=iphoneos*]" = "iPhone Developer";
				COPY_PHASE_STRIP = NO;
				GCC_C_LANGUAGE_STANDARD = gnu99;
				GCC_DYNAMIC_NO_PIC = NO;
				GCC_OPTIMIZATION_LEVEL = 0;
				GCC_PREPROCESSOR_DEFINITIONS = (
					"DEBUG=1",
					"$(inherited)",
				);
				GCC_SYMBOLS_PRIVATE_EXTERN = NO;
				GCC_WARN_64_TO_32_BIT_CONVERSION = YES;
				GCC_WARN_ABOUT_RETURN_TYPE = YES_ERROR;
				GCC_WARN_UNDECLARED_SELECTOR = YES;
				GCC_WARN_UNINITIALIZED_AUTOS = YES_AGGRESSIVE;
				GCC_WARN_UNUSED_FUNCTION = YES;
				GCC_WARN_UNUSED_VARIABLE = YES;
				IPHONEOS_DEPLOYMENT_TARGET = 7.1;
				ONLY_ACTIVE_ARCH = YES;
				SDKROOT = iphoneos;
				TARGETED_DEVICE_FAMILY = "1,2";
			};
			name = Debug;
		};
		23F3EB8718D6C7460075819D /* Release */ = {
			isa = XCBuildConfiguration;
			buildSettings = {
				ALWAYS_SEARCH_USER_PATHS = NO;
				CLANG_CXX_LANGUAGE_STANDARD = "gnu++0x";
				CLANG_CXX_LIBRARY = "libc++";
				CLANG_ENABLE_MODULES = YES;
				CLANG_ENABLE_OBJC_ARC = YES;
				CLANG_WARN_BOOL_CONVERSION = YES;
				CLANG_WARN_CONSTANT_CONVERSION = YES;
				CLANG_WARN_DIRECT_OBJC_ISA_USAGE = YES_ERROR;
				CLANG_WARN_EMPTY_BODY = YES;
				CLANG_WARN_ENUM_CONVERSION = YES;
				CLANG_WARN_INT_CONVERSION = YES;
				CLANG_WARN_OBJC_ROOT_CLASS = YES_ERROR;
				CLANG_WARN__DUPLICATE_METHOD_MATCH = YES;
				"CODE_SIGN_IDENTITY[sdk=iphoneos*]" = "iPhone Developer";
				COPY_PHASE_STRIP = YES;
				ENABLE_NS_ASSERTIONS = NO;
				GCC_C_LANGUAGE_STANDARD = gnu99;
				GCC_WARN_64_TO_32_BIT_CONVERSION = YES;
				GCC_WARN_ABOUT_RETURN_TYPE = YES_ERROR;
				GCC_WARN_UNDECLARED_SELECTOR = YES;
				GCC_WARN_UNINITIALIZED_AUTOS = YES_AGGRESSIVE;
				GCC_WARN_UNUSED_FUNCTION = YES;
				GCC_WARN_UNUSED_VARIABLE = YES;
				IPHONEOS_DEPLOYMENT_TARGET = 7.1;
				SDKROOT = iphoneos;
				TARGETED_DEVICE_FAMILY = "1,2";
				VALIDATE_PRODUCT = YES;
			};
			name = Release;
		};
		23F3EB8918D6C7460075819D /* Debug */ = {
			isa = XCBuildConfiguration;
			buildSettings = {
				ASSETCATALOG_COMPILER_APPICON_NAME = AppIcon;
				ASSETCATALOG_COMPILER_LAUNCHIMAGE_NAME = LaunchImage;
				FRAMEWORK_SEARCH_PATHS = (
					"$(inherited)",
					"$(PROJECT_DIR)",
				);
				GCC_PRECOMPILE_PREFIX_HEADER = YES;
				GCC_PREFIX_HEADER = "sandbox/sandbox-Prefix.pch";
				HEADER_SEARCH_PATHS = (
					"$(inherited)",
					/Applications/Xcode.app/Contents/Developer/Toolchains/XcodeDefault.xctoolchain/usr/include,
				);
				INFOPLIST_FILE = "sandbox/sandbox-Info.plist";
				LIBRARY_SEARCH_PATHS = (
					"$(inherited)",
					"/Users/jake/Desktop/ios/TwilioClient-1.1.3-4598544/Libraries",
				);
				OTHER_LDFLAGS = (
					"-all_load",
					"-ObjC",
				);
				PRODUCT_NAME = "$(TARGET_NAME)";
				WRAPPER_EXTENSION = app;
			};
			name = Debug;
		};
		23F3EB8A18D6C7460075819D /* Release */ = {
			isa = XCBuildConfiguration;
			buildSettings = {
				ASSETCATALOG_COMPILER_APPICON_NAME = AppIcon;
				ASSETCATALOG_COMPILER_LAUNCHIMAGE_NAME = LaunchImage;
				FRAMEWORK_SEARCH_PATHS = (
					"$(inherited)",
					"$(PROJECT_DIR)",
				);
				GCC_PRECOMPILE_PREFIX_HEADER = YES;
				GCC_PREFIX_HEADER = "sandbox/sandbox-Prefix.pch";
				HEADER_SEARCH_PATHS = (
					"$(inherited)",
					/Applications/Xcode.app/Contents/Developer/Toolchains/XcodeDefault.xctoolchain/usr/include,
				);
				INFOPLIST_FILE = "sandbox/sandbox-Info.plist";
				LIBRARY_SEARCH_PATHS = (
					"$(inherited)",
					"/Users/jake/Desktop/ios/TwilioClient-1.1.3-4598544/Libraries",
				);
				OTHER_LDFLAGS = (
					"-ObjC",
					"-all_load",
				);
				PRODUCT_NAME = "$(TARGET_NAME)";
				WRAPPER_EXTENSION = app;
			};
			name = Release;
		};
		23F3EB8C18D6C7460075819D /* Debug */ = {
			isa = XCBuildConfiguration;
			buildSettings = {
				BUNDLE_LOADER = "$(BUILT_PRODUCTS_DIR)/sandbox.app/sandbox";
				FRAMEWORK_SEARCH_PATHS = (
					"$(SDKROOT)/Developer/Library/Frameworks",
					"$(inherited)",
					"$(DEVELOPER_FRAMEWORKS_DIR)",
				);
				GCC_PRECOMPILE_PREFIX_HEADER = YES;
				GCC_PREFIX_HEADER = "sandbox/sandbox-Prefix.pch";
				GCC_PREPROCESSOR_DEFINITIONS = (
					"DEBUG=1",
					"$(inherited)",
				);
				INFOPLIST_FILE = "sandboxTests/sandboxTests-Info.plist";
				PRODUCT_NAME = "$(TARGET_NAME)";
				TEST_HOST = "$(BUNDLE_LOADER)";
				WRAPPER_EXTENSION = xctest;
			};
			name = Debug;
		};
		23F3EB8D18D6C7460075819D /* Release */ = {
			isa = XCBuildConfiguration;
			buildSettings = {
				BUNDLE_LOADER = "$(BUILT_PRODUCTS_DIR)/sandbox.app/sandbox";
				FRAMEWORK_SEARCH_PATHS = (
					"$(SDKROOT)/Developer/Library/Frameworks",
					"$(inherited)",
					"$(DEVELOPER_FRAMEWORKS_DIR)",
				);
				GCC_PRECOMPILE_PREFIX_HEADER = YES;
				GCC_PREFIX_HEADER = "sandbox/sandbox-Prefix.pch";
				INFOPLIST_FILE = "sandboxTests/sandboxTests-Info.plist";
				PRODUCT_NAME = "$(TARGET_NAME)";
				TEST_HOST = "$(BUNDLE_LOADER)";
				WRAPPER_EXTENSION = xctest;
			};
			name = Release;
		};
/* End XCBuildConfiguration section */

/* Begin XCConfigurationList section */
		23F3EB5718D6C7460075819D /* Build configuration list for PBXProject "sandbox" */ = {
			isa = XCConfigurationList;
			buildConfigurations = (
				23F3EB8618D6C7460075819D /* Debug */,
				23F3EB8718D6C7460075819D /* Release */,
			);
			defaultConfigurationIsVisible = 0;
			defaultConfigurationName = Release;
		};
		23F3EB8818D6C7460075819D /* Build configuration list for PBXNativeTarget "sandbox" */ = {
			isa = XCConfigurationList;
			buildConfigurations = (
				23F3EB8918D6C7460075819D /* Debug */,
				23F3EB8A18D6C7460075819D /* Release */,
			);
			defaultConfigurationIsVisible = 0;
			defaultConfigurationName = Release;
		};
		23F3EB8B18D6C7460075819D /* Build configuration list for PBXNativeTarget "sandboxTests" */ = {
			isa = XCConfigurationList;
			buildConfigurations = (
				23F3EB8C18D6C7460075819D /* Debug */,
				23F3EB8D18D6C7460075819D /* Release */,
			);
			defaultConfigurationIsVisible = 0;
			defaultConfigurationName = Release;
		};
/* End XCConfigurationList section */
	};
	rootObject = 23F3EB5418D6C7460075819D /* Project object */;
}
